
Microsoft Visual Studio Solution File, Format Version 12.00
# Visual Studio Version 17
VisualStudioVersion = 17.9.34728.123
MinimumVisualStudioVersion = 10.0.40219.1
Project("{9A19103F-16F7-4668-BE54-9A1E7A4F7556}") = "CantinaAPI", "CantinaAPI\CantinaAPI.csproj", "{064B078D-0E14-456A-9122-B090DC4B213A}"
EndProject
Project("{9A19103F-16F7-4668-BE54-9A1E7A4F7556}") = "DataAccessLayer", "DataAccessLayer\DataAccessLayer.csproj", "{8CD8B42C-0B96-400A-9912-641DD9B892FB}"
EndProject
Project("{9A19103F-16F7-4668-BE54-9A1E7A4F7556}") = "BusinessLogic", "BusinessLogic\BusinessLogic.csproj", "{05592025-9620-493A-892B-2D01826A7226}"
EndProject
Project("{FAE04EC0-301F-11D3-BF4B-00C04F79EFBC}") = "AdminPanel", "AdminPanel\AdminPanel.csproj", "{DAC91C75-DEE0-472F-8202-A42B8DF9F60A}"
EndProject
Global
	GlobalSection(SolutionConfigurationPlatforms) = preSolution
		Debug|Any CPU = Debug|Any CPU
		Release|Any CPU = Release|Any CPU
	EndGlobalSection
	GlobalSection(ProjectConfigurationPlatforms) = postSolution
		{064B078D-0E14-456A-9122-B090DC4B213A}.Debug|Any CPU.ActiveCfg = Debug|Any CPU
		{064B078D-0E14-456A-9122-B090DC4B213A}.Debug|Any CPU.Build.0 = Debug|Any CPU
		{064B078D-0E14-456A-9122-B090DC4B213A}.Release|Any CPU.ActiveCfg = Release|Any CPU
		{064B078D-0E14-456A-9122-B090DC4B213A}.Release|Any CPU.Build.0 = Release|Any CPU
		{8CD8B42C-0B96-400A-9912-641DD9B892FB}.Debug|Any CPU.ActiveCfg = Debug|Any CPU
		{8CD8B42C-0B96-400A-9912-641DD9B892FB}.Debug|Any CPU.Build.0 = Debug|Any CPU
		{8CD8B42C-0B96-400A-9912-641DD9B892FB}.Release|Any CPU.ActiveCfg = Release|Any CPU
		{8CD8B42C-0B96-400A-9912-641DD9B892FB}.Release|Any CPU.Build.0 = Release|Any CPU
		{05592025-9620-493A-892B-2D01826A7226}.Debug|Any CPU.ActiveCfg = Debug|Any CPU
		{05592025-9620-493A-892B-2D01826A7226}.Debug|Any CPU.Build.0 = Debug|Any CPU
		{05592025-9620-493A-892B-2D01826A7226}.Release|Any CPU.ActiveCfg = Release|Any CPU
		{05592025-9620-493A-892B-2D01826A7226}.Release|Any CPU.Build.0 = Release|Any CPU
		{DAC91C75-DEE0-472F-8202-A42B8DF9F60A}.Debug|Any CPU.ActiveCfg = Debug|Any CPU
		{DAC91C75-DEE0-472F-8202-A42B8DF9F60A}.Debug|Any CPU.Build.0 = Debug|Any CPU
		{DAC91C75-DEE0-472F-8202-A42B8DF9F60A}.Release|Any CPU.ActiveCfg = Release|Any CPU
		{DAC91C75-DEE0-472F-8202-A42B8DF9F60A}.Release|Any CPU.Build.0 = Release|Any CPU
	EndGlobalSection
	GlobalSection(SolutionProperties) = preSolution
		HideSolutionNode = FALSE
	EndGlobalSection
	GlobalSection(ExtensibilityGlobals) = postSolution
		SolutionGuid = {311A582A-31EC-4D8A-B4C8-D331DBC2040F}
	EndGlobalSection
EndGlobal
